
Microsoft Visual Studio Solution File, Format Version 12.00
# Visual Studio 15
VisualStudioVersion = 15.0.27130.0
MinimumVisualStudioVersion = 10.0.40219.1
Project("{FAE04EC0-301F-11D3-BF4B-00C04F79EFBC}") = "zamanimyok.com", "zamanimyok.com\zamanimyok.com.csproj", "{B0E022C0-D7E4-4E11-A3CA-078D6501BF34}"
EndProject
Project("{FAE04EC0-301F-11D3-BF4B-00C04F79EFBC}") = "crm.zamanimyok.com", "crm.zamanimyok.com\crm.zamanimyok.com.csproj", "{5AF966E5-DDD6-4E14-BD9D-B1C5AC570815}"
EndProject
Project("{FAE04EC0-301F-11D3-BF4B-00C04F79EFBC}") = "cms.zamanimyok.com", "cms.zamanimyok.com\cms.zamanimyok.com.csproj", "{BB099E1A-0B9A-4C62-AA7D-BF76B7435ADF}"
EndProject
Project("{FAE04EC0-301F-11D3-BF4B-00C04F79EFBC}") = "cpi.zamanimyok.com", "cpi.zamanimyok.com\cpi.zamanimyok.com.csproj", "{1362C573-0B10-495F-BD97-B008E7038C8C}"
EndProject
Project("{FAE04EC0-301F-11D3-BF4B-00C04F79EFBC}") = "app.zamanimyok.com", "app.zamanimyok.com\app.zamanimyok.com.csproj", "{C00E9E14-3F9A-477E-B40F-A43AE0486ABD}"
EndProject
Global
	GlobalSection(SolutionConfigurationPlatforms) = preSolution
		Debug|Any CPU = Debug|Any CPU
		DEV|Any CPU = DEV|Any CPU
		PROD|Any CPU = PROD|Any CPU
		TEST|Any CPU = TEST|Any CPU
	EndGlobalSection
	GlobalSection(ProjectConfigurationPlatforms) = postSolution
		{B0E022C0-D7E4-4E11-A3CA-078D6501BF34}.Debug|Any CPU.ActiveCfg = Debug|Any CPU
		{B0E022C0-D7E4-4E11-A3CA-078D6501BF34}.Debug|Any CPU.Build.0 = Debug|Any CPU
		{B0E022C0-D7E4-4E11-A3CA-078D6501BF34}.DEV|Any CPU.ActiveCfg = DEV|Any CPU
		{B0E022C0-D7E4-4E11-A3CA-078D6501BF34}.DEV|Any CPU.Build.0 = DEV|Any CPU
		{B0E022C0-D7E4-4E11-A3CA-078D6501BF34}.PROD|Any CPU.ActiveCfg = PROD|Any CPU
		{B0E022C0-D7E4-4E11-A3CA-078D6501BF34}.PROD|Any CPU.Build.0 = PROD|Any CPU
		{B0E022C0-D7E4-4E11-A3CA-078D6501BF34}.TEST|Any CPU.ActiveCfg = TEST|Any CPU
		{B0E022C0-D7E4-4E11-A3CA-078D6501BF34}.TEST|Any CPU.Build.0 = TEST|Any CPU
		{5AF966E5-DDD6-4E14-BD9D-B1C5AC570815}.Debug|Any CPU.ActiveCfg = Debug|Any CPU
		{5AF966E5-DDD6-4E14-BD9D-B1C5AC570815}.Debug|Any CPU.Build.0 = Debug|Any CPU
		{5AF966E5-DDD6-4E14-BD9D-B1C5AC570815}.DEV|Any CPU.ActiveCfg = DEV|Any CPU
		{5AF966E5-DDD6-4E14-BD9D-B1C5AC570815}.DEV|Any CPU.Build.0 = DEV|Any CPU
		{5AF966E5-DDD6-4E14-BD9D-B1C5AC570815}.PROD|Any CPU.ActiveCfg = PROD|Any CPU
		{5AF966E5-DDD6-4E14-BD9D-B1C5AC570815}.PROD|Any CPU.Build.0 = PROD|Any CPU
		{5AF966E5-DDD6-4E14-BD9D-B1C5AC570815}.TEST|Any CPU.ActiveCfg = TEST|Any CPU
		{5AF966E5-DDD6-4E14-BD9D-B1C5AC570815}.TEST|Any CPU.Build.0 = TEST|Any CPU
		{BB099E1A-0B9A-4C62-AA7D-BF76B7435ADF}.Debug|Any CPU.ActiveCfg = Debug|Any CPU
		{BB099E1A-0B9A-4C62-AA7D-BF76B7435ADF}.Debug|Any CPU.Build.0 = Debug|Any CPU
		{BB099E1A-0B9A-4C62-AA7D-BF76B7435ADF}.DEV|Any CPU.ActiveCfg = DEV|Any CPU
		{BB099E1A-0B9A-4C62-AA7D-BF76B7435ADF}.DEV|Any CPU.Build.0 = DEV|Any CPU
		{BB099E1A-0B9A-4C62-AA7D-BF76B7435ADF}.PROD|Any CPU.ActiveCfg = PROD|Any CPU
		{BB099E1A-0B9A-4C62-AA7D-BF76B7435ADF}.PROD|Any CPU.Build.0 = PROD|Any CPU
		{BB099E1A-0B9A-4C62-AA7D-BF76B7435ADF}.TEST|Any CPU.ActiveCfg = TEST|Any CPU
		{BB099E1A-0B9A-4C62-AA7D-BF76B7435ADF}.TEST|Any CPU.Build.0 = TEST|Any CPU
		{1362C573-0B10-495F-BD97-B008E7038C8C}.Debug|Any CPU.ActiveCfg = Debug|Any CPU
		{1362C573-0B10-495F-BD97-B008E7038C8C}.Debug|Any CPU.Build.0 = Debug|Any CPU
		{1362C573-0B10-495F-BD97-B008E7038C8C}.DEV|Any CPU.ActiveCfg = DEV|Any CPU
		{1362C573-0B10-495F-BD97-B008E7038C8C}.DEV|Any CPU.Build.0 = DEV|Any CPU
		{1362C573-0B10-495F-BD97-B008E7038C8C}.PROD|Any CPU.ActiveCfg = PROD|Any CPU
		{1362C573-0B10-495F-BD97-B008E7038C8C}.PROD|Any CPU.Build.0 = PROD|Any CPU
		{1362C573-0B10-495F-BD97-B008E7038C8C}.TEST|Any CPU.ActiveCfg = TEST|Any CPU
		{1362C573-0B10-495F-BD97-B008E7038C8C}.TEST|Any CPU.Build.0 = TEST|Any CPU
		{C00E9E14-3F9A-477E-B40F-A43AE0486ABD}.Debug|Any CPU.ActiveCfg = Debug|Any CPU
		{C00E9E14-3F9A-477E-B40F-A43AE0486ABD}.Debug|Any CPU.Build.0 = Debug|Any CPU
		{C00E9E14-3F9A-477E-B40F-A43AE0486ABD}.DEV|Any CPU.ActiveCfg = DEV|Any CPU
		{C00E9E14-3F9A-477E-B40F-A43AE0486ABD}.DEV|Any CPU.Build.0 = DEV|Any CPU
		{C00E9E14-3F9A-477E-B40F-A43AE0486ABD}.PROD|Any CPU.ActiveCfg = PROD|Any CPU
		{C00E9E14-3F9A-477E-B40F-A43AE0486ABD}.PROD|Any CPU.Build.0 = PROD|Any CPU
		{C00E9E14-3F9A-477E-B40F-A43AE0486ABD}.TEST|Any CPU.ActiveCfg = TEST|Any CPU
		{C00E9E14-3F9A-477E-B40F-A43AE0486ABD}.TEST|Any CPU.Build.0 = TEST|Any CPU
	EndGlobalSection
	GlobalSection(SolutionProperties) = preSolution
		HideSolutionNode = FALSE
	EndGlobalSection
	GlobalSection(ExtensibilityGlobals) = postSolution
		SolutionGuid = {56106535-FBF8-4345-A008-6A04AD3D8893}
	EndGlobalSection
EndGlobal
